
Microsoft Visual Studio Solution File, Format Version 12.00
# Visual Studio Version 16
VisualStudioVersion = 16.0.30406.217
MinimumVisualStudioVersion = 10.0.40219.1
Project("{FAE04EC0-301F-11D3-BF4B-00C04F79EFBC}") = "HouseReception", "HouseReception\HouseReception.csproj", "{574B2486-AF19-45D6-9FE4-D1CC3A3A5E52}"
EndProject
Global
	GlobalSection(SolutionConfigurationPlatforms) = preSolution
		Debug|Any CPU = Debug|Any CPU
		Release|Any CPU = Release|Any CPU
	EndGlobalSection
	GlobalSection(ProjectConfigurationPlatforms) = postSolution
		{574B2486-AF19-45D6-9FE4-D1CC3A3A5E52}.Debug|Any CPU.ActiveCfg = Debug|Any CPU
		{574B2486-AF19-45D6-9FE4-D1CC3A3A5E52}.Debug|Any CPU.Build.0 = Debug|Any CPU
		{574B2486-AF19-45D6-9FE4-D1CC3A3A5E52}.Release|Any CPU.ActiveCfg = Release|Any CPU
		{574B2486-AF19-45D6-9FE4-D1CC3A3A5E52}.Release|Any CPU.Build.0 = Release|Any CPU
	EndGlobalSection
	GlobalSection(SolutionProperties) = preSolution
		HideSolutionNode = FALSE
	EndGlobalSection
	GlobalSection(ExtensibilityGlobals) = postSolution
		SolutionGuid = {547D0715-2F19-42DF-B473-EE6D95D9BC8E}
	EndGlobalSection
EndGlobal
